
Microsoft Visual Studio Solution File, Format Version 12.00
# Visual Studio Version 16
VisualStudioVersion = 16.0.30114.105
MinimumVisualStudioVersion = 10.0.40219.1
Project("{9A19103F-16F7-4668-BE54-9A1E7A4F7556}") = "ChatProgram", "Server\ChatProgram.csproj", "{332E09D1-DDAC-43C1-8067-757E5524DEAD}"
EndProject
Project("{9A19103F-16F7-4668-BE54-9A1E7A4F7556}") = "Client", "Client\Client.csproj", "{78F4D507-8364-470D-8FE1-64C7E0198241}"
EndProject
Project("{FAE04EC0-301F-11D3-BF4B-00C04F79EFBC}") = "Packets", "Packets\Packets.csproj", "{09C654CD-0EE4-434A-A8FF-A325AE7DA534}"
EndProject
Global
	GlobalSection(SolutionConfigurationPlatforms) = preSolution
		Debug|Any CPU = Debug|Any CPU
		Debug|x64 = Debug|x64
		Debug|x86 = Debug|x86
		Release|Any CPU = Release|Any CPU
		Release|x64 = Release|x64
		Release|x86 = Release|x86
	EndGlobalSection
	GlobalSection(ProjectConfigurationPlatforms) = postSolution
		{332E09D1-DDAC-43C1-8067-757E5524DEAD}.Debug|Any CPU.ActiveCfg = Debug|Any CPU
		{332E09D1-DDAC-43C1-8067-757E5524DEAD}.Debug|Any CPU.Build.0 = Debug|Any CPU
		{332E09D1-DDAC-43C1-8067-757E5524DEAD}.Debug|x64.ActiveCfg = Debug|Any CPU
		{332E09D1-DDAC-43C1-8067-757E5524DEAD}.Debug|x64.Build.0 = Debug|Any CPU
		{332E09D1-DDAC-43C1-8067-757E5524DEAD}.Debug|x86.ActiveCfg = Debug|Any CPU
		{332E09D1-DDAC-43C1-8067-757E5524DEAD}.Debug|x86.Build.0 = Debug|Any CPU
		{332E09D1-DDAC-43C1-8067-757E5524DEAD}.Release|Any CPU.ActiveCfg = Release|Any CPU
		{332E09D1-DDAC-43C1-8067-757E5524DEAD}.Release|Any CPU.Build.0 = Release|Any CPU
		{332E09D1-DDAC-43C1-8067-757E5524DEAD}.Release|x64.ActiveCfg = Release|Any CPU
		{332E09D1-DDAC-43C1-8067-757E5524DEAD}.Release|x64.Build.0 = Release|Any CPU
		{332E09D1-DDAC-43C1-8067-757E5524DEAD}.Release|x86.ActiveCfg = Release|Any CPU
		{332E09D1-DDAC-43C1-8067-757E5524DEAD}.Release|x86.Build.0 = Release|Any CPU
		{78F4D507-8364-470D-8FE1-64C7E0198241}.Debug|Any CPU.ActiveCfg = Debug|Any CPU
		{78F4D507-8364-470D-8FE1-64C7E0198241}.Debug|Any CPU.Build.0 = Debug|Any CPU
		{78F4D507-8364-470D-8FE1-64C7E0198241}.Debug|x64.ActiveCfg = Debug|Any CPU
		{78F4D507-8364-470D-8FE1-64C7E0198241}.Debug|x64.Build.0 = Debug|Any CPU
		{78F4D507-8364-470D-8FE1-64C7E0198241}.Debug|x86.ActiveCfg = Debug|Any CPU
		{78F4D507-8364-470D-8FE1-64C7E0198241}.Debug|x86.Build.0 = Debug|Any CPU
		{78F4D507-8364-470D-8FE1-64C7E0198241}.Release|Any CPU.ActiveCfg = Release|Any CPU
		{78F4D507-8364-470D-8FE1-64C7E0198241}.Release|Any CPU.Build.0 = Release|Any CPU
		{78F4D507-8364-470D-8FE1-64C7E0198241}.Release|x64.ActiveCfg = Release|Any CPU
		{78F4D507-8364-470D-8FE1-64C7E0198241}.Release|x64.Build.0 = Release|Any CPU
		{78F4D507-8364-470D-8FE1-64C7E0198241}.Release|x86.ActiveCfg = Release|Any CPU
		{78F4D507-8364-470D-8FE1-64C7E0198241}.Release|x86.Build.0 = Release|Any CPU
		{09C654CD-0EE4-434A-A8FF-A325AE7DA534}.Debug|Any CPU.ActiveCfg = Debug|Any CPU
		{09C654CD-0EE4-434A-A8FF-A325AE7DA534}.Debug|Any CPU.Build.0 = Debug|Any CPU
		{09C654CD-0EE4-434A-A8FF-A325AE7DA534}.Debug|x64.ActiveCfg = Debug|Any CPU
		{09C654CD-0EE4-434A-A8FF-A325AE7DA534}.Debug|x64.Build.0 = Debug|Any CPU
		{09C654CD-0EE4-434A-A8FF-A325AE7DA534}.Debug|x86.ActiveCfg = Debug|Any CPU
		{09C654CD-0EE4-434A-A8FF-A325AE7DA534}.Debug|x86.Build.0 = Debug|Any CPU
		{09C654CD-0EE4-434A-A8FF-A325AE7DA534}.Release|Any CPU.ActiveCfg = Release|Any CPU
		{09C654CD-0EE4-434A-A8FF-A325AE7DA534}.Release|Any CPU.Build.0 = Release|Any CPU
		{09C654CD-0EE4-434A-A8FF-A325AE7DA534}.Release|x64.ActiveCfg = Release|Any CPU
		{09C654CD-0EE4-434A-A8FF-A325AE7DA534}.Release|x64.Build.0 = Release|Any CPU
		{09C654CD-0EE4-434A-A8FF-A325AE7DA534}.Release|x86.ActiveCfg = Release|Any CPU
		{09C654CD-0EE4-434A-A8FF-A325AE7DA534}.Release|x86.Build.0 = Release|Any CPU
	EndGlobalSection
	GlobalSection(SolutionProperties) = preSolution
		HideSolutionNode = FALSE
	EndGlobalSection
	GlobalSection(ExtensibilityGlobals) = postSolution
		SolutionGuid = {5673E9A4-DFAF-4CDD-B015-4B4E2FD78E7D}
	EndGlobalSection
EndGlobal
